
Microsoft Visual Studio Solution File, Format Version 12.00
# TcXaeShell Solution File, Format Version 11.00
VisualStudioVersion = 15.0.28307.1300
MinimumVisualStudioVersion = 10.0.40219.1
Project("{DFBE7525-6864-4E62-8B2E-D530D69D9D96}") = "SPF_Core", "SPF_Core\SPF_Core.tspproj", "{43178C3E-5431-4EAF-ABF4-8F2CF3B8B2BC}"
EndProject
Global
	GlobalSection(SolutionConfigurationPlatforms) = preSolution
		Debug|TwinCAT CE7 (ARMV7) = Debug|TwinCAT CE7 (ARMV7)
		Debug|TwinCAT OS (ARMT2) = Debug|TwinCAT OS (ARMT2)
		Debug|TwinCAT RT (x64) = Debug|TwinCAT RT (x64)
		Debug|TwinCAT RT (x86) = Debug|TwinCAT RT (x86)
		Release|TwinCAT CE7 (ARMV7) = Release|TwinCAT CE7 (ARMV7)
		Release|TwinCAT OS (ARMT2) = Release|TwinCAT OS (ARMT2)
		Release|TwinCAT RT (x64) = Release|TwinCAT RT (x64)
		Release|TwinCAT RT (x86) = Release|TwinCAT RT (x86)
	EndGlobalSection
	GlobalSection(ProjectConfigurationPlatforms) = postSolution
		{43178C3E-5431-4EAF-ABF4-8F2CF3B8B2BC}.Debug|TwinCAT CE7 (ARMV7).ActiveCfg = Debug|TwinCAT CE7 (ARMV7)
		{43178C3E-5431-4EAF-ABF4-8F2CF3B8B2BC}.Debug|TwinCAT CE7 (ARMV7).Build.0 = Debug|TwinCAT CE7 (ARMV7)
		{43178C3E-5431-4EAF-ABF4-8F2CF3B8B2BC}.Debug|TwinCAT OS (ARMT2).ActiveCfg = Debug|TwinCAT OS (ARMT2)
		{43178C3E-5431-4EAF-ABF4-8F2CF3B8B2BC}.Debug|TwinCAT OS (ARMT2).Build.0 = Debug|TwinCAT OS (ARMT2)
		{43178C3E-5431-4EAF-ABF4-8F2CF3B8B2BC}.Debug|TwinCAT RT (x64).ActiveCfg = Debug|TwinCAT RT (x64)
		{43178C3E-5431-4EAF-ABF4-8F2CF3B8B2BC}.Debug|TwinCAT RT (x64).Build.0 = Debug|TwinCAT RT (x64)
		{43178C3E-5431-4EAF-ABF4-8F2CF3B8B2BC}.Debug|TwinCAT RT (x86).ActiveCfg = Debug|TwinCAT RT (x86)
		{43178C3E-5431-4EAF-ABF4-8F2CF3B8B2BC}.Debug|TwinCAT RT (x86).Build.0 = Debug|TwinCAT RT (x86)
		{43178C3E-5431-4EAF-ABF4-8F2CF3B8B2BC}.Release|TwinCAT CE7 (ARMV7).ActiveCfg = Release|TwinCAT CE7 (ARMV7)
		{43178C3E-5431-4EAF-ABF4-8F2CF3B8B2BC}.Release|TwinCAT CE7 (ARMV7).Build.0 = Release|TwinCAT CE7 (ARMV7)
		{43178C3E-5431-4EAF-ABF4-8F2CF3B8B2BC}.Release|TwinCAT OS (ARMT2).ActiveCfg = Release|TwinCAT OS (ARMT2)
		{43178C3E-5431-4EAF-ABF4-8F2CF3B8B2BC}.Release|TwinCAT OS (ARMT2).Build.0 = Release|TwinCAT OS (ARMT2)
		{43178C3E-5431-4EAF-ABF4-8F2CF3B8B2BC}.Release|TwinCAT RT (x64).ActiveCfg = Release|TwinCAT RT (x64)
		{43178C3E-5431-4EAF-ABF4-8F2CF3B8B2BC}.Release|TwinCAT RT (x64).Build.0 = Release|TwinCAT RT (x64)
		{43178C3E-5431-4EAF-ABF4-8F2CF3B8B2BC}.Release|TwinCAT RT (x86).ActiveCfg = Release|TwinCAT RT (x86)
		{43178C3E-5431-4EAF-ABF4-8F2CF3B8B2BC}.Release|TwinCAT RT (x86).Build.0 = Release|TwinCAT RT (x86)
		{188E193B-3634-48C4-B7C7-C4749DE394C5}.Debug|TwinCAT CE7 (ARMV7).ActiveCfg = Debug|TwinCAT CE7 (ARMV7)
		{188E193B-3634-48C4-B7C7-C4749DE394C5}.Debug|TwinCAT CE7 (ARMV7).Build.0 = Debug|TwinCAT CE7 (ARMV7)
		{188E193B-3634-48C4-B7C7-C4749DE394C5}.Debug|TwinCAT OS (ARMT2).ActiveCfg = Debug|TwinCAT OS (ARMT2)
		{188E193B-3634-48C4-B7C7-C4749DE394C5}.Debug|TwinCAT OS (ARMT2).Build.0 = Debug|TwinCAT OS (ARMT2)
		{188E193B-3634-48C4-B7C7-C4749DE394C5}.Debug|TwinCAT RT (x64).ActiveCfg = Debug|TwinCAT RT (x64)
		{188E193B-3634-48C4-B7C7-C4749DE394C5}.Debug|TwinCAT RT (x64).Build.0 = Debug|TwinCAT RT (x64)
		{188E193B-3634-48C4-B7C7-C4749DE394C5}.Debug|TwinCAT RT (x86).ActiveCfg = Debug|TwinCAT RT (x86)
		{188E193B-3634-48C4-B7C7-C4749DE394C5}.Debug|TwinCAT RT (x86).Build.0 = Debug|TwinCAT RT (x86)
		{188E193B-3634-48C4-B7C7-C4749DE394C5}.Release|TwinCAT CE7 (ARMV7).ActiveCfg = Release|TwinCAT CE7 (ARMV7)
		{188E193B-3634-48C4-B7C7-C4749DE394C5}.Release|TwinCAT CE7 (ARMV7).Build.0 = Release|TwinCAT CE7 (ARMV7)
		{188E193B-3634-48C4-B7C7-C4749DE394C5}.Release|TwinCAT OS (ARMT2).ActiveCfg = Release|TwinCAT OS (ARMT2)
		{188E193B-3634-48C4-B7C7-C4749DE394C5}.Release|TwinCAT OS (ARMT2).Build.0 = Release|TwinCAT OS (ARMT2)
		{188E193B-3634-48C4-B7C7-C4749DE394C5}.Release|TwinCAT RT (x64).ActiveCfg = Release|TwinCAT RT (x64)
		{188E193B-3634-48C4-B7C7-C4749DE394C5}.Release|TwinCAT RT (x64).Build.0 = Release|TwinCAT RT (x64)
		{188E193B-3634-48C4-B7C7-C4749DE394C5}.Release|TwinCAT RT (x86).ActiveCfg = Release|TwinCAT RT (x86)
		{188E193B-3634-48C4-B7C7-C4749DE394C5}.Release|TwinCAT RT (x86).Build.0 = Release|TwinCAT RT (x86)
	EndGlobalSection
	GlobalSection(SolutionProperties) = preSolution
		HideSolutionNode = FALSE
	EndGlobalSection
	GlobalSection(ExtensibilityGlobals) = postSolution
		SolutionGuid = {0EE81AEC-50A1-41D8-9238-D95DCEFFDCE5}
	EndGlobalSection
EndGlobal
